
Microsoft Visual Studio Solution File, Format Version 12.00
# Visual Studio 15
VisualStudioVersion = 15.0.27428.1
MinimumVisualStudioVersion = 10.0.40219.1
Project("{FAE04EC0-301F-11D3-BF4B-00C04F79EFBC}") = "simpleCalculatorToCountTravelCost", "simpleCalculatorToCountTravelCost\simpleCalculatorToCountTravelCost.csproj", "{9ADCAD92-02B4-4052-9E0C-2A87F93D20C8}"
EndProject
Global
	GlobalSection(SolutionConfigurationPlatforms) = preSolution
		Debug|Any CPU = Debug|Any CPU
		Release|Any CPU = Release|Any CPU
	EndGlobalSection
	GlobalSection(ProjectConfigurationPlatforms) = postSolution
		{9ADCAD92-02B4-4052-9E0C-2A87F93D20C8}.Debug|Any CPU.ActiveCfg = Debug|Any CPU
		{9ADCAD92-02B4-4052-9E0C-2A87F93D20C8}.Debug|Any CPU.Build.0 = Debug|Any CPU
		{9ADCAD92-02B4-4052-9E0C-2A87F93D20C8}.Release|Any CPU.ActiveCfg = Release|Any CPU
		{9ADCAD92-02B4-4052-9E0C-2A87F93D20C8}.Release|Any CPU.Build.0 = Release|Any CPU
	EndGlobalSection
	GlobalSection(SolutionProperties) = preSolution
		HideSolutionNode = FALSE
	EndGlobalSection
	GlobalSection(ExtensibilityGlobals) = postSolution
		SolutionGuid = {D69B183E-06F8-4642-82AB-FD671B5B08C6}
	EndGlobalSection
EndGlobal
